{
  "name": "crypto-tools",
  "version": "1.1.2",
  "lockfileVersion": 1,
  "requires": true,
  "dependencies": {
    "base-x": {
      "version": "3.0.4",
      "resolved": "http://registry.npm.taobao.org/base-x/download/base-x-3.0.4.tgz",
      "integrity": "sha1-lMF4hzbaBl7bHWiAiGnjV8l3+nc=",
      "requires": {
        "safe-buffer": "5.1.1"
      }
    },
    "bech32": {
      "version": "1.1.3",
      "resolved": "http://registry.npm.taobao.org/bech32/download/bech32-1.1.3.tgz",
      "integrity": "sha1-vUeomGu7Puw0pWoJeoS40+mi380="
    },
    "bigi": {
      "version": "1.4.2",
      "resolved": "http://registry.npm.taobao.org/bigi/download/bigi-1.4.2.tgz",
      "integrity": "sha1-nGZalfiLiwj8Bc/XMfVhhZ1yWCU="
    },
    "bip39": {
      "version": "2.5.0",
      "resolved": "http://registry.npm.taobao.org/bip39/download/bip39-2.5.0.tgz",
      "integrity": "sha1-UcvVF5RgUEpj6jwADbP3h8oFEjU=",
      "requires": {
        "create-hash": "1.1.3",
        "pbkdf2": "3.0.14",
        "randombytes": "2.0.5",
        "safe-buffer": "5.1.1",
        "unorm": "1.4.1"
      }
    },
    "bip66": {
      "version": "1.1.5",
      "resolved": "http://registry.npm.taobao.org/bip66/download/bip66-1.1.5.tgz",
      "integrity": "sha1-AfqHSHhcpwlV1QESF9GzE5lpyiI=",
      "requires": {
        "safe-buffer": "5.1.1"
      }
    },
    "bitcoin-ops": {
      "version": "1.4.0",
      "resolved": "http://registry.npm.taobao.org/bitcoin-ops/download/bitcoin-ops-1.4.0.tgz",
      "integrity": "sha1-kNnJXAZ+mjSmzKo90yT/qE4x49g="
    },
    "bitcoinjs-lib": {
      "version": "3.3.2",
      "resolved": "http://registry.npm.taobao.org/bitcoinjs-lib/download/bitcoinjs-lib-3.3.2.tgz",
      "integrity": "sha1-eAycU+yxIirbRjtYvvJjhgZ7YJo=",
      "requires": {
        "bech32": "1.1.3",
        "bigi": "1.4.2",
        "bip66": "1.1.5",
        "bitcoin-ops": "1.4.0",
        "bs58check": "2.1.1",
        "create-hash": "1.1.3",
        "create-hmac": "1.1.6",
        "ecurve": "1.0.6",
        "merkle-lib": "2.0.10",
        "pushdata-bitcoin": "1.0.1",
        "randombytes": "2.0.5",
        "safe-buffer": "5.1.1",
        "typeforce": "1.12.0",
        "varuint-bitcoin": "1.0.4",
        "wif": "2.0.6"
      }
    },
    "browserify-aes": {
      "version": "1.2.0",
      "resolved": "http://registry.npm.taobao.org/browserify-aes/download/browserify-aes-1.2.0.tgz",
      "integrity": "sha1-Mmc0ZC9APavDADIJhTu3CtQo70g=",
      "requires": {
        "buffer-xor": "1.0.3",
        "cipher-base": "1.0.4",
        "create-hash": "1.1.3",
        "evp_bytestokey": "1.0.3",
        "inherits": "2.0.3",
        "safe-buffer": "5.1.1"
      }
    },
    "bs58": {
      "version": "4.0.1",
      "resolved": "http://registry.npm.taobao.org/bs58/download/bs58-4.0.1.tgz",
      "integrity": "sha1-vhYedsNU9veIrkBx9j806MTwpCo=",
      "requires": {
        "base-x": "3.0.4"
      }
    },
    "bs58check": {
      "version": "2.1.1",
      "resolved": "http://registry.npm.taobao.org/bs58check/download/bs58check-2.1.1.tgz",
      "integrity": "sha1-il0OWHr5e3hL+cvxsp9FTYK8AiI=",
      "requires": {
        "bs58": "4.0.1",
        "create-hash": "1.1.3"
      }
    },
    "buffer-xor": {
      "version": "1.0.3",
      "resolved": "http://registry.npm.taobao.org/buffer-xor/download/buffer-xor-1.0.3.tgz",
      "integrity": "sha1-JuYe0UIvtw3ULm42cp7VHYVf6Nk="
    },
    "bytebuffer": {
      "version": "5.0.1",
      "resolved": "http://registry.npm.taobao.org/bytebuffer/download/bytebuffer-5.0.1.tgz",
      "integrity": "sha1-WC7qSxqHO20CCkjVjfhfC7ps/d0=",
      "requires": {
        "long": "3.2.0"
      }
    },
    "cipher-base": {
      "version": "1.0.4",
      "resolved": "http://registry.npm.taobao.org/cipher-base/download/cipher-base-1.0.4.tgz",
      "integrity": "sha1-h2Dk7MJy9MNjUy+SbYdKriwTl94=",
      "requires": {
        "inherits": "2.0.3",
        "safe-buffer": "5.1.1"
      }
    },
    "create-hash": {
      "version": "1.1.3",
      "resolved": "http://registry.npm.taobao.org/create-hash/download/create-hash-1.1.3.tgz",
      "integrity": "sha1-YGBCrIuSYnUPSDyt2rD1gZFy2P0=",
      "requires": {
        "cipher-base": "1.0.4",
        "inherits": "2.0.3",
        "ripemd160": "2.0.1",
        "sha.js": "2.4.9"
      }
    },
    "create-hmac": {
      "version": "1.1.6",
      "resolved": "http://registry.npm.taobao.org/create-hmac/download/create-hmac-1.1.6.tgz",
      "integrity": "sha1-rLniIaThe9sHbpBlfEK5PjcmzwY=",
      "requires": {
        "cipher-base": "1.0.4",
        "create-hash": "1.1.3",
        "inherits": "2.0.3",
        "ripemd160": "2.0.1",
        "safe-buffer": "5.1.1",
        "sha.js": "2.4.9"
      }
    },
    "ecurve": {
      "version": "1.0.6",
      "resolved": "http://registry.npm.taobao.org/ecurve/download/ecurve-1.0.6.tgz",
      "integrity": "sha1-39q7txSfjYt4gWvlp9W4P89t55c=",
      "requires": {
        "bigi": "1.4.2",
        "safe-buffer": "5.1.1"
      }
    },
    "eosjs-ecc": {
      "version": "3.0.2",
      "resolved": "http://registry.npm.taobao.org/eosjs-ecc/download/eosjs-ecc-3.0.2.tgz",
      "integrity": "sha1-jzjshGT9bhiYOChTEaqAY0ZFvIU=",
      "requires": {
        "bigi": "1.4.2",
        "browserify-aes": "1.2.0",
        "bs58": "4.0.1",
        "bytebuffer": "5.0.1",
        "create-hash": "1.1.3",
        "create-hmac": "1.1.6",
        "ecurve": "1.0.6",
        "randombytes": "2.0.5"
      }
    },
    "evp_bytestokey": {
      "version": "1.0.3",
      "resolved": "http://registry.npm.taobao.org/evp_bytestokey/download/evp_bytestokey-1.0.3.tgz",
      "integrity": "sha1-f8vbGY3HGVlDLv4ThCaE4FJaywI=",
      "requires": {
        "md5.js": "1.3.4",
        "safe-buffer": "5.1.1"
      }
    },
    "hash-base": {
      "version": "2.0.2",
      "resolved": "http://registry.npm.taobao.org/hash-base/download/hash-base-2.0.2.tgz",
      "integrity": "sha1-ZuodhW206KVHDK32/OI65SRO8uE=",
      "requires": {
        "inherits": "2.0.3"
      }
    },
    "inherits": {
      "version": "2.0.3",
      "resolved": "http://registry.npm.taobao.org/inherits/download/inherits-2.0.3.tgz",
      "integrity": "sha1-Yzwsg+PaQqUC9SRmAiSA9CCCYd4="
    },
    "long": {
      "version": "3.2.0",
      "resolved": "http://registry.npm.taobao.org/long/download/long-3.2.0.tgz",
      "integrity": "sha1-2CG3E4yhy1gcFymQ7xTbIAtcR0s="
    },
    "md5.js": {
      "version": "1.3.4",
      "resolved": "http://registry.npm.taobao.org/md5.js/download/md5.js-1.3.4.tgz",
      "integrity": "sha1-6b296UogpawYsENA/Fdk1bCdkB0=",
      "requires": {
        "hash-base": "3.0.4",
        "inherits": "2.0.3"
      },
      "dependencies": {
        "hash-base": {
          "version": "3.0.4",
          "resolved": "http://registry.npm.taobao.org/hash-base/download/hash-base-3.0.4.tgz",
          "integrity": "sha1-X8hoaEfs1zSZQDMZprCj8/auSRg=",
          "requires": {
            "inherits": "2.0.3",
            "safe-buffer": "5.1.1"
          }
        }
      }
    },
    "merkle-lib": {
      "version": "2.0.10",
      "resolved": "http://registry.npm.taobao.org/merkle-lib/download/merkle-lib-2.0.10.tgz",
      "integrity": "sha1-grjbrnXieneFOItz+ddyXQ9vMyY="
    },
    "pbkdf2": {
      "version": "3.0.14",
      "resolved": "http://registry.npm.taobao.org/pbkdf2/download/pbkdf2-3.0.14.tgz",
      "integrity": "sha1-o14TxkeZsGzhUyD0WcIw5o5zut4=",
      "requires": {
        "create-hash": "1.1.3",
        "create-hmac": "1.1.6",
        "ripemd160": "2.0.1",
        "safe-buffer": "5.1.1",
        "sha.js": "2.4.9"
      }
    },
    "pushdata-bitcoin": {
      "version": "1.0.1",
      "resolved": "http://registry.npm.taobao.org/pushdata-bitcoin/download/pushdata-bitcoin-1.0.1.tgz",
      "integrity": "sha1-FZMdPNlnreUiBvUjqnMxrvfUOvc=",
      "requires": {
        "bitcoin-ops": "1.4.0"
      }
    },
    "randombytes": {
      "version": "2.0.5",
      "resolved": "http://registry.npm.taobao.org/randombytes/download/randombytes-2.0.5.tgz",
      "integrity": "sha1-3ACaJGuNCaF3tLegrne8Vw9LG3k=",
      "requires": {
        "safe-buffer": "5.1.1"
      }
    },
    "ripemd160": {
      "version": "2.0.1",
      "resolved": "http://registry.npm.taobao.org/ripemd160/download/ripemd160-2.0.1.tgz",
      "integrity": "sha1-D0WEKVxTo2KK9+bXmsohzlfRxuc=",
      "requires": {
        "hash-base": "2.0.2",
        "inherits": "2.0.3"
      }
    },
    "safe-buffer": {
      "version": "5.1.1",
      "resolved": "http://registry.npm.taobao.org/safe-buffer/download/safe-buffer-5.1.1.tgz",
      "integrity": "sha1-iTMSr2myEj3vcfV4iQAWce6yyFM="
    },
    "sha.js": {
      "version": "2.4.9",
      "resolved": "http://registry.npm.taobao.org/sha.js/download/sha.js-2.4.9.tgz",
      "integrity": "sha1-mPZIgEdLdPSji42p08Dy0QRjPn0=",
      "requires": {
        "inherits": "2.0.3",
        "safe-buffer": "5.1.1"
      }
    },
    "typeforce": {
      "version": "1.12.0",
      "resolved": "http://registry.npm.taobao.org/typeforce/download/typeforce-1.12.0.tgz",
      "integrity": "sha1-ykCJmRnxRm14GeN74DlAa+uRKi4="
    },
    "unorm": {
      "version": "1.4.1",
      "resolved": "http://registry.npm.taobao.org/unorm/download/unorm-1.4.1.tgz",
      "integrity": "sha1-NkIA1fE2RsqLzURJAnEzVhR5IwA="
    },
    "varuint-bitcoin": {
      "version": "1.0.4",
      "resolved": "http://registry.npm.taobao.org/varuint-bitcoin/download/varuint-bitcoin-1.0.4.tgz",
      "integrity": "sha1-2BLF2uFuMvYFRLat7h1L4TB9AoM="
    },
    "wif": {
      "version": "2.0.6",
      "resolved": "http://registry.npm.taobao.org/wif/download/wif-2.0.6.tgz",
      "integrity": "sha1-CNP1IFbGZnkplyb63g1DKudLRwQ=",
      "requires": {
        "bs58check": "2.1.1"
      }
    }
  }
}
